id: dvbs2tx_physical_cc
label: Physical Layer Framer
category: '[DVB]/DVB-S2 Transmitter'

parameters:
- id: dummyframes
  label: Dummy Frames
  dtype: enum
  options: [DUMMY_FRAMES_OFF, DUMMY_FRAMES_ON]
  option_labels: ['Off', 'On']
  option_attributes:
    val: [False, True]

inputs:
- domain: stream
  dtype: complex

outputs:
- domain: stream
  dtype: complex

templates:
  imports: from gnuradio import dvbs2tx
  make: dvbs2tx.physical_cc(${dummyframes.val})

file_format: 1
